{
    "_meta": {
        "hash": {
            "sha256": "66a6593bc07cf1fb49ab82f50ad7ecd006da57c5e7214e3b038591228a0ce00c"
        },
        "pipfile-spec": 6,
        "requires": {
            "python_version": "3.9"
        },
        "sources": [
            {
                "name": "pypi",
                "url": "https://pypi.org/simple",
                "verify_ssl": true
            }
        ]
    },
    "default": {
        "argcomplete": {
            "hashes": [
                "sha256:6372ad78c89d662035101418ae253668445b391755cfe94ea52f1b9d22425b20",
                "sha256:cffa11ea77999bb0dd27bb25ff6dc142a6796142f68d45b1a26b11f58724561e"
            ],
            "markers": "python_version >= '3.6'",
            "version": "==2.0.0"
        },
        "boto3": {
            "hashes": [
                "sha256:13ba1d98ab5e2591be2dd19c779d67aa4210f126a827c9a376532ace435d8df9",
                "sha256:e222714a6a841f318d3b6557d915dcc3729ff286e9aa3d03b5d26d6bfce3a3bd"
            ],
            "markers": "python_version >= '3.7'",
            "version": "==1.26.30"
        },
        "botocore": {
            "hashes": [
                "sha256:6bfe917c022b92c093da448aae71b18f7dcbbbc69403f57ee39ca4775b2888e6",
                "sha256:9364417f53842167f8bcf72b9ab3c78457c7df613051101952b2470d9de7ea31"
            ],
            "markers": "python_version >= '3.7'",
            "version": "==1.29.30"
        },
        "certifi": {
            "hashes": [
                "sha256:35824b4c3a97115964b408844d64aa14db1cc518f6562e8d7261699d1350a9e3",
                "sha256:4ad3232f5e926d6718ec31cfc1fcadfde020920e278684144551c91769c7bc18"
            ],
            "markers": "python_version >= '3.6'",
            "version": "==2022.12.7"
        },
        "cfn-flip": {
            "hashes": [
                "sha256:003e02a089c35e1230ffd0e1bcfbbc4b12cc7d2deb2fcc6c4228ac9819307362",
                "sha256:faca8e77f0d32fb84cce1db1ef4c18b14a325d31125dae73c13bcc01947d2722"
            ],
            "version": "==1.3.0"
        },
        "charset-normalizer": {
            "hashes": [
                "sha256:5a3d016c7c547f69d6f81fb0db9449ce888b418b5b9952cc5e6e66843e9dd845",
                "sha256:83e9a75d1911279afd89352c68b45348559d1fc0506b054b346651b5e7fee29f"
            ],
            "markers": "python_full_version >= '3.6.0'",
            "version": "==2.1.1"
        },
        "click": {
            "hashes": [
                "sha256:7682dc8afb30297001674575ea00d1814d808d6a36af415a82bd481d37ba7b8e",
                "sha256:bb4d8133cb15a609f44e8213d9b391b0809795062913b383c62be0ee95b1db48"
            ],
            "markers": "python_version >= '3.7'",
            "version": "==8.1.3"
        },
        "durationpy": {
            "hashes": [
                "sha256:5ef9416b527b50d722f34655becfb75e49228eb82f87b855ed1911b3314b5408"
            ],
            "version": "==0.5"
        },
        "flask": {
            "hashes": [
                "sha256:642c450d19c4ad482f96729bd2a8f6d32554aa1e231f4f6b4e7e5264b16cca2b",
                "sha256:b9c46cc36662a7949f34b52d8ec7bb59c0d74ba08ba6cb9ce9adc1d8676d9526"
            ],
            "index": "pypi",
            "version": "==2.2.2"
        },
        "hjson": {
            "hashes": [
                "sha256:55af475a27cf83a7969c808399d7bccdec8fb836a07ddbd574587593b9cdcf75",
                "sha256:65713cdcf13214fb554eb8b4ef803419733f4f5e551047c9b711098ab7186b89"
            ],
            "version": "==3.1.0"
        },
        "idna": {
            "hashes": [
                "sha256:814f528e8dead7d329833b91c5faa87d60bf71824cd12a7530b5526063d02cb4",
                "sha256:90b77e79eaa3eba6de819a0c442c0b4ceefc341a7a2ab77d7562bf49f425c5c2"
            ],
            "markers": "python_version >= '3.5'",
            "version": "==3.4"
        },
        "importlib-metadata": {
            "hashes": [
                "sha256:d5059f9f1e8e41f80e9c56c2ee58811450c31984dfa625329ffd7c0dad88a73b",
                "sha256:d84d17e21670ec07990e1044a99efe8d615d860fd176fc29ef5c306068fda313"
            ],
            "markers": "python_version < '3.10'",
            "version": "==5.1.0"
        },
        "itsdangerous": {
            "hashes": [
                "sha256:2c2349112351b88699d8d4b6b075022c0808887cb7ad10069318a8b0bc88db44",
                "sha256:5dbbc68b317e5e42f327f9021763545dc3fc3bfe22e6deb96aaf1fc38874156a"
            ],
            "markers": "python_version >= '3.7'",
            "version": "==2.1.2"
        },
        "jinja2": {
            "hashes": [
                "sha256:31351a702a408a9e7595a8fc6150fc3f43bb6bf7e319770cbc0db9df9437e852",
                "sha256:6088930bfe239f0e6710546ab9c19c9ef35e29792895fed6e6e31a023a182a61"
            ],
            "markers": "python_version >= '3.7'",
            "version": "==3.1.2"
        },
        "jmespath": {
            "hashes": [
                "sha256:02e2e4cc71b5bcab88332eebf907519190dd9e6e82107fa7f83b1003a6252980",
                "sha256:90261b206d6defd58fdd5e85f478bf633a2901798906be2ad389150c5c60edbe"
            ],
            "markers": "python_version >= '3.7'",
            "version": "==1.0.1"
        },
        "kappa": {
            "hashes": [
                "sha256:4b5b372872f25d619e427e04282551048dc975a107385b076b3ffc6406a15833",
                "sha256:4d6b7b3accce4a0aaaac92b36237a6304f0f2fffbbe3caea3f7c9f52d12c9989"
            ],
            "version": "==0.6.0"
        },
        "markupsafe": {
            "hashes": [
                "sha256:0212a68688482dc52b2d45013df70d169f542b7394fc744c02a57374a4207003",
                "sha256:089cf3dbf0cd6c100f02945abeb18484bd1ee57a079aefd52cffd17fba910b88",
                "sha256:10c1bfff05d95783da83491be968e8fe789263689c02724e0c691933c52994f5",
                "sha256:33b74d289bd2f5e527beadcaa3f401e0df0a89927c1559c8566c066fa4248ab7",
                "sha256:3799351e2336dc91ea70b034983ee71cf2f9533cdff7c14c90ea126bfd95d65a",
                "sha256:3ce11ee3f23f79dbd06fb3d63e2f6af7b12db1d46932fe7bd8afa259a5996603",
                "sha256:421be9fbf0ffe9ffd7a378aafebbf6f4602d564d34be190fc19a193232fd12b1",
                "sha256:43093fb83d8343aac0b1baa75516da6092f58f41200907ef92448ecab8825135",
                "sha256:46d00d6cfecdde84d40e572d63735ef81423ad31184100411e6e3388d405e247",
                "sha256:4a33dea2b688b3190ee12bd7cfa29d39c9ed176bda40bfa11099a3ce5d3a7ac6",
                "sha256:4b9fe39a2ccc108a4accc2676e77da025ce383c108593d65cc909add5c3bd601",
                "sha256:56442863ed2b06d19c37f94d999035e15ee982988920e12a5b4ba29b62ad1f77",
                "sha256:671cd1187ed5e62818414afe79ed29da836dde67166a9fac6d435873c44fdd02",
                "sha256:694deca8d702d5db21ec83983ce0bb4b26a578e71fbdbd4fdcd387daa90e4d5e",
                "sha256:6a074d34ee7a5ce3effbc526b7083ec9731bb3cbf921bbe1d3005d4d2bdb3a63",
                "sha256:6d0072fea50feec76a4c418096652f2c3238eaa014b2f94aeb1d56a66b41403f",
                "sha256:6fbf47b5d3728c6aea2abb0589b5d30459e369baa772e0f37a0320185e87c980",
                "sha256:7f91197cc9e48f989d12e4e6fbc46495c446636dfc81b9ccf50bb0ec74b91d4b",
                "sha256:86b1f75c4e7c2ac2ccdaec2b9022845dbb81880ca318bb7a0a01fbf7813e3812",
                "sha256:8dc1c72a69aa7e082593c4a203dcf94ddb74bb5c8a731e4e1eb68d031e8498ff",
                "sha256:8e3dcf21f367459434c18e71b2a9532d96547aef8a871872a5bd69a715c15f96",
                "sha256:8e576a51ad59e4bfaac456023a78f6b5e6e7651dcd383bcc3e18d06f9b55d6d1",
                "sha256:96e37a3dc86e80bf81758c152fe66dbf60ed5eca3d26305edf01892257049925",
                "sha256:97a68e6ada378df82bc9f16b800ab77cbf4b2fada0081794318520138c088e4a",
                "sha256:99a2a507ed3ac881b975a2976d59f38c19386d128e7a9a18b7df6fff1fd4c1d6",
                "sha256:a49907dd8420c5685cfa064a1335b6754b74541bbb3706c259c02ed65b644b3e",
                "sha256:b09bf97215625a311f669476f44b8b318b075847b49316d3e28c08e41a7a573f",
                "sha256:b7bd98b796e2b6553da7225aeb61f447f80a1ca64f41d83612e6139ca5213aa4",
                "sha256:b87db4360013327109564f0e591bd2a3b318547bcef31b468a92ee504d07ae4f",
                "sha256:bcb3ed405ed3222f9904899563d6fc492ff75cce56cba05e32eff40e6acbeaa3",
                "sha256:d4306c36ca495956b6d568d276ac11fdd9c30a36f1b6eb928070dc5360b22e1c",
                "sha256:d5ee4f386140395a2c818d149221149c54849dfcfcb9f1debfe07a8b8bd63f9a",
                "sha256:dda30ba7e87fbbb7eab1ec9f58678558fd9a6b8b853530e176eabd064da81417",
                "sha256:e04e26803c9c3851c931eac40c695602c6295b8d432cbe78609649ad9bd2da8a",
                "sha256:e1c0b87e09fa55a220f058d1d49d3fb8df88fbfab58558f1198e08c1e1de842a",
                "sha256:e72591e9ecd94d7feb70c1cbd7be7b3ebea3f548870aa91e2732960fa4d57a37",
                "sha256:e8c843bbcda3a2f1e3c2ab25913c80a3c5376cd00c6e8c4a86a89a28c8dc5452",
                "sha256:efc1913fd2ca4f334418481c7e595c00aad186563bbc1ec76067848c7ca0a933",
                "sha256:f121a1420d4e173a5d96e47e9a0c0dcff965afdf1626d28de1460815f7c4ee7a",
                "sha256:fc7b548b17d238737688817ab67deebb30e8073c95749d55538ed473130ec0c7"
            ],
            "markers": "python_version >= '3.7'",
            "version": "==2.1.1"
        },
        "mysql": {
            "hashes": [
                "sha256:8893cb143a5ac525c49ef358a23b8a0dc9721a95646f7bab6ca2f384c18a6a9a",
                "sha256:fd7bae7d7301ce7cd3932e5ff7f77bbc8e34872108252866e08d16d6b8e8de8c"
            ],
            "index": "pypi",
            "version": "==0.0.3"
        },
        "mysql-connector-python": {
            "hashes": [
                "sha256:02526f16eacc3961ff681c5c8455d2306a9b45124f2f012ca75a1eac9ceb5165",
                "sha256:0fbe8f5441ad781b4f65c54a10ac77c6a329591456607e042786528599519636",
                "sha256:17d6ea22dacca7fa78a73a81f2b186d4c5c6e70b7be314e352526654e9ba4713",
                "sha256:28cb3667be64ebfbd3d477bbd2c71e50d48bd5ed7ba2072dd460ae886d27e88e",
                "sha256:30f4542d4d20357c79604e6bf1a801e71dfc45c759c22b502ca5aa8122c3e859",
                "sha256:3e271d8de00d5e9f9bd4b212c8e23d2986dead0f20379010f3b274a3e24cbfcb",
                "sha256:447847396d1b51edd9cfe05a8c5ba82836d8ea4866f25f36a836cab322fdc4f0",
                "sha256:48eb34f4e69a2fba56f310de6682862a15d46cd2bd51ee6eebc3a244e4ee0aa6",
                "sha256:4d75e6c3a7f18004e8279cbd9f5edc70089d6aaf3cb64374e21098d9bf0b93c4",
                "sha256:5e01a2f50378c13407a32e40dd4d225cfee5996d9d11968f76720ec28aa45421",
                "sha256:744c976569e81eecce5e8c7e8f80df2a1c3f64414829addc69c64aef8f56d091",
                "sha256:746df133c677fbe4687da33aad5a711abdd9bd2277bbc350e20f903f07c81ef5",
                "sha256:79d6a6e8ce955df5ca0786cb8ed8fbd999745c9b50def89993a2a0f4732de721",
                "sha256:8ad0d08f3f7c9e48d6d102c7de718e5e44f630f916ff2f4b4ff8a3756b5d10ac",
                "sha256:9be9c4dcae987a2a3f07b2ad984984c24f90887dbfab3c8a971e631ad4ca5ccf",
                "sha256:a1d8c1509c740649f352400d50360185e5473371507bb6498ceda0c6e877920c",
                "sha256:a570a72e0015b36b9c0775ae27c1d4946225f02f62129d16a14e9d77a38c0717",
                "sha256:a7ac859a52486ac319e37f61469bbb9023faef38018223efa74e953f1fe23d36",
                "sha256:ac85883ec3b3a9a0e36cacc89b8f5e666206842c432a5f69b09a7687ddf51d4a",
                "sha256:ae1b3d03802474a161cce8a97024484d18bef43b86d20114908cbc263817cade",
                "sha256:b2bbf443f6346e46c26a3e91dd96a428a1038f2d3c5e466541078479c64a1833",
                "sha256:d0ca1ba3e5fb2f2cddcf271c320cd5c368f8d392c034ddab7a1c8dfd19510351",
                "sha256:e60426af313dcd526028d018d70757a82c5cc0673776b2a614e2180b5970feed",
                "sha256:e9e5ad544adfc82ffbda2c74685c8c953bce2e212c56f117020079f05e2c68b2",
                "sha256:f3ee04a601f9cb90ace9618bbe2fa8e5bb59be3eb0c2bd8a5405fe69e05e446b",
                "sha256:f89b7a731885b8a04248e4d8d124705ca836f0ddd3b7cf0c789e21f4b32810ed"
            ],
            "index": "pypi",
            "version": "==8.0.31"
        },
        "mysqlclient": {
            "hashes": [
                "sha256:0d1cd3a5a4d28c222fa199002810e8146cffd821410b67851af4cc80aeccd97c",
                "sha256:828757e419fb11dd6c5ed2576ec92c3efaa93a0f7c39e263586d1ee779c3d782",
                "sha256:996924f3483fd36a34a5812210c69e71dea5a3d5978d01199b78b7f6d485c855",
                "sha256:b355c8b5a7d58f2e909acdbb050858390ee1b0e13672ae759e5e784110022994",
                "sha256:c1ed71bd6244993b526113cca3df66428609f90e4652f37eb51c33496d478b37",
                "sha256:c812b67e90082a840efb82a8978369e6e69fc62ce1bda4ca8f3084a9d862308b",
                "sha256:dea88c8d3f5a5d9293dfe7f087c16dd350ceb175f2f6631c9cf4caf3e19b7a96"
            ],
            "markers": "python_version >= '3.5'",
            "version": "==2.1.1"
        },
        "numpy": {
            "hashes": [
                "sha256:01dd17cbb340bf0fc23981e52e1d18a9d4050792e8fb8363cecbf066a84b827d",
                "sha256:06005a2ef6014e9956c09ba07654f9837d9e26696a0470e42beedadb78c11b07",
                "sha256:09b7847f7e83ca37c6e627682f145856de331049013853f344f37b0c9690e3df",
                "sha256:0aaee12d8883552fadfc41e96b4c82ee7d794949e2a7c3b3a7201e968c7ecab9",
                "sha256:0cbe9848fad08baf71de1a39e12d1b6310f1d5b2d0ea4de051058e6e1076852d",
                "sha256:1b1766d6f397c18153d40015ddfc79ddb715cabadc04d2d228d4e5a8bc4ded1a",
                "sha256:33161613d2269025873025b33e879825ec7b1d831317e68f4f2f0f84ed14c719",
                "sha256:5039f55555e1eab31124a5768898c9e22c25a65c1e0037f4d7c495a45778c9f2",
                "sha256:522e26bbf6377e4d76403826ed689c295b0b238f46c28a7251ab94716da0b280",
                "sha256:56e454c7833e94ec9769fa0f86e6ff8e42ee38ce0ce1fa4cbb747ea7e06d56aa",
                "sha256:58f545efd1108e647604a1b5aa809591ccd2540f468a880bedb97247e72db387",
                "sha256:5e05b1c973a9f858c74367553e236f287e749465f773328c8ef31abe18f691e1",
                "sha256:7903ba8ab592b82014713c491f6c5d3a1cde5b4a3bf116404e08f5b52f6daf43",
                "sha256:8969bfd28e85c81f3f94eb4a66bc2cf1dbdc5c18efc320af34bffc54d6b1e38f",
                "sha256:92c8c1e89a1f5028a4c6d9e3ccbe311b6ba53694811269b992c0b224269e2398",
                "sha256:9c88793f78fca17da0145455f0d7826bcb9f37da4764af27ac945488116efe63",
                "sha256:a7ac231a08bb37f852849bbb387a20a57574a97cfc7b6cabb488a4fc8be176de",
                "sha256:abdde9f795cf292fb9651ed48185503a2ff29be87770c3b8e2a14b0cd7aa16f8",
                "sha256:af1da88f6bc3d2338ebbf0e22fe487821ea4d8e89053e25fa59d1d79786e7481",
                "sha256:b2a9ab7c279c91974f756c84c365a669a887efa287365a8e2c418f8b3ba73fb0",
                "sha256:bf837dc63ba5c06dc8797c398db1e223a466c7ece27a1f7b5232ba3466aafe3d",
                "sha256:ca51fcfcc5f9354c45f400059e88bc09215fb71a48d3768fb80e357f3b457e1e",
                "sha256:ce571367b6dfe60af04e04a1834ca2dc5f46004ac1cc756fb95319f64c095a96",
                "sha256:d208a0f8729f3fb790ed18a003f3a57895b989b40ea4dce4717e9cf4af62c6bb",
                "sha256:dbee87b469018961d1ad79b1a5d50c0ae850000b639bcb1b694e9981083243b6",
                "sha256:e9f4c4e51567b616be64e05d517c79a8a22f3606499941d97bb76f2ca59f982d",
                "sha256:f063b69b090c9d918f9df0a12116029e274daf0181df392839661c4c7ec9018a",
                "sha256:f9a909a8bae284d46bbfdefbdd4a262ba19d3bc9921b1e76126b1d21c3c34135"
            ],
            "markers": "python_version < '3.10'",
            "version": "==1.23.5"
        },
        "pandas": {
            "hashes": [
                "sha256:0183cb04a057cc38fde5244909fca9826d5d57c4a5b7390c0cc3fa7acd9fa883",
                "sha256:1fc87eac0541a7d24648a001d553406f4256e744d92df1df8ebe41829a915028",
                "sha256:220b98d15cee0b2cd839a6358bd1f273d0356bf964c1a1aeb32d47db0215488b",
                "sha256:2552bffc808641c6eb471e55aa6899fa002ac94e4eebfa9ec058649122db5824",
                "sha256:315e19a3e5c2ab47a67467fc0362cb36c7c60a93b6457f675d7d9615edad2ebe",
                "sha256:344021ed3e639e017b452aa8f5f6bf38a8806f5852e217a7594417fb9bbfa00e",
                "sha256:375262829c8c700c3e7cbb336810b94367b9c4889818bbd910d0ecb4e45dc261",
                "sha256:457d8c3d42314ff47cc2d6c54f8fc0d23954b47977b2caed09cd9635cb75388b",
                "sha256:4aed257c7484d01c9a194d9a94758b37d3d751849c05a0050c087a358c41ad1f",
                "sha256:530948945e7b6c95e6fa7aa4be2be25764af53fba93fe76d912e35d1c9ee46f5",
                "sha256:5ae7e989f12628f41e804847a8cc2943d362440132919a69429d4dea1f164da0",
                "sha256:71f510b0efe1629bf2f7c0eadb1ff0b9cf611e87b73cd017e6b7d6adb40e2b3a",
                "sha256:73f219fdc1777cf3c45fde7f0708732ec6950dfc598afc50588d0d285fddaefc",
                "sha256:8092a368d3eb7116e270525329a3e5c15ae796ccdf7ccb17839a73b4f5084a39",
                "sha256:82ae615826da838a8e5d4d630eb70c993ab8636f0eff13cb28aafc4291b632b5",
                "sha256:9608000a5a45f663be6af5c70c3cbe634fa19243e720eb380c0d378666bc7702",
                "sha256:a40dd1e9f22e01e66ed534d6a965eb99546b41d4d52dbdb66565608fde48203f",
                "sha256:b4f5a82afa4f1ff482ab8ded2ae8a453a2cdfde2001567b3ca24a4c5c5ca0db3",
                "sha256:c009a92e81ce836212ce7aa98b219db7961a8b95999b97af566b8dc8c33e9519",
                "sha256:c218796d59d5abd8780170c937b812c9637e84c32f8271bbf9845970f8c1351f",
                "sha256:cc3cd122bea268998b79adebbb8343b735a5511ec14efb70a39e7acbc11ccbdc",
                "sha256:d0d8fd58df5d17ddb8c72a5075d87cd80d71b542571b5f78178fb067fa4e9c72",
                "sha256:e18bc3764cbb5e118be139b3b611bc3fbc5d3be42a7e827d1096f46087b395eb",
                "sha256:e2b83abd292194f350bb04e188f9379d36b8dfac24dd445d5c87575f3beaf789",
                "sha256:e7469271497960b6a781eaa930cba8af400dd59b62ec9ca2f4d31a19f2f91090",
                "sha256:e9dbacd22555c2d47f262ef96bb4e30880e5956169741400af8b306bbb24a273",
                "sha256:f6257b314fc14958f8122779e5a1557517b0f8e500cfb2bd53fa1f75a8ad0af2"
            ],
            "index": "pypi",
            "version": "==1.5.2"
        },
        "pip": {
            "hashes": [
                "sha256:65fd48317359f3af8e593943e6ae1506b66325085ea64b706a998c6e83eeaf38",
                "sha256:908c78e6bc29b676ede1c4d57981d490cb892eb45cd8c214ab6298125119e077"
            ],
            "markers": "python_version >= '3.7'",
            "version": "==22.3.1"
        },
        "placebo": {
            "hashes": [
                "sha256:03157f8527bbc2965b71b88f4a139ef8038618b346787f20d63e3c5da541b047"
            ],
            "version": "==0.9.0"
        },
        "protobuf": {
            "hashes": [
                "sha256:06059eb6953ff01e56a25cd02cca1a9649a75a7e65397b5b9b4e929ed71d10cf",
                "sha256:097c5d8a9808302fb0da7e20edf0b8d4703274d140fd25c5edabddcde43e081f",
                "sha256:284f86a6207c897542d7e956eb243a36bb8f9564c1742b253462386e96c6b78f",
                "sha256:32ca378605b41fd180dfe4e14d3226386d8d1b002ab31c969c366549e66a2bb7",
                "sha256:3cc797c9d15d7689ed507b165cd05913acb992d78b379f6014e013f9ecb20996",
                "sha256:62f1b5c4cd6c5402b4e2d63804ba49a327e0c386c99b1675c8a0fefda23b2067",
                "sha256:69ccfdf3657ba59569c64295b7d51325f91af586f8d5793b734260dfe2e94e2c",
                "sha256:6f50601512a3d23625d8a85b1638d914a0970f17920ff39cec63aaef80a93fb7",
                "sha256:7403941f6d0992d40161aa8bb23e12575637008a5a02283a930addc0508982f9",
                "sha256:755f3aee41354ae395e104d62119cb223339a8f3276a0cd009ffabfcdd46bb0c",
                "sha256:77053d28427a29987ca9caf7b72ccafee011257561259faba8dd308fda9a8739",
                "sha256:7e371f10abe57cee5021797126c93479f59fccc9693dafd6bd5633ab67808a91",
                "sha256:9016d01c91e8e625141d24ec1b20fed584703e527d28512aa8c8707f105a683c",
                "sha256:9be73ad47579abc26c12024239d3540e6b765182a91dbc88e23658ab71767153",
                "sha256:adc31566d027f45efe3f44eeb5b1f329da43891634d61c75a5944e9be6dd42c9",
                "sha256:adfc6cf69c7f8c50fd24c793964eef18f0ac321315439d94945820612849c388",
                "sha256:af0ebadc74e281a517141daad9d0f2c5d93ab78e9d455113719a45a49da9db4e",
                "sha256:cb29edb9eab15742d791e1025dd7b6a8f6fcb53802ad2f6e3adcb102051063ab",
                "sha256:cd68be2559e2a3b84f517fb029ee611546f7812b1fdd0aa2ecc9bc6ec0e4fdde",
                "sha256:cdee09140e1cd184ba9324ec1df410e7147242b94b5f8b0c64fc89e38a8ba531",
                "sha256:db977c4ca738dd9ce508557d4fce0f5aebd105e158c725beec86feb1f6bc20d8",
                "sha256:dd5789b2948ca702c17027c84c2accb552fc30f4622a98ab5c51fcfe8c50d3e7",
                "sha256:e250a42f15bf9d5b09fe1b293bdba2801cd520a9f5ea2d7fb7536d4441811d20",
                "sha256:ff8d8fa42675249bb456f5db06c00de6c2f4c27a065955917b28c4f15978b9c3"
            ],
            "markers": "python_version >= '3.7'",
            "version": "==3.20.1"
        },
        "python-dateutil": {
            "hashes": [
                "sha256:0123cacc1627ae19ddf3c27a5de5bd67ee4586fbdd6440d9748f8abb483d3e86",
                "sha256:961d03dc3453ebbc59dbdea9e4e11c5651520a876d0f4db161e8674aae935da9"
            ],
            "markers": "python_version >= '2.7' and python_version not in '3.0, 3.1, 3.2, 3.3'",
            "version": "==2.8.2"
        },
        "python-slugify": {
            "hashes": [
                "sha256:003aee64f9fd955d111549f96c4b58a3f40b9319383c70fad6277a4974bbf570",
                "sha256:7a0f21a39fa6c1c4bf2e5984c9b9ae944483fd10b54804cb0e23a3ccd4954f0b"
            ],
            "markers": "python_version >= '3.7'",
            "version": "==7.0.0"
        },
        "pytz": {
            "hashes": [
                "sha256:222439474e9c98fced559f1709d89e6c9cbf8d79c794ff3eb9f8800064291427",
                "sha256:e89512406b793ca39f5971bc999cc538ce125c0e51c27941bef4568b460095e2"
            ],
            "version": "==2022.6"
        },
        "pyyaml": {
            "hashes": [
                "sha256:01b45c0191e6d66c470b6cf1b9531a771a83c1c4208272ead47a3ae4f2f603bf",
                "sha256:0283c35a6a9fbf047493e3a0ce8d79ef5030852c51e9d911a27badfde0605293",
                "sha256:055d937d65826939cb044fc8c9b08889e8c743fdc6a32b33e2390f66013e449b",
                "sha256:07751360502caac1c067a8132d150cf3d61339af5691fe9e87803040dbc5db57",
                "sha256:0b4624f379dab24d3725ffde76559cff63d9ec94e1736b556dacdfebe5ab6d4b",
                "sha256:0ce82d761c532fe4ec3f87fc45688bdd3a4c1dc5e0b4a19814b9009a29baefd4",
                "sha256:1e4747bc279b4f613a09eb64bba2ba602d8a6664c6ce6396a4d0cd413a50ce07",
                "sha256:213c60cd50106436cc818accf5baa1aba61c0189ff610f64f4a3e8c6726218ba",
                "sha256:231710d57adfd809ef5d34183b8ed1eeae3f76459c18fb4a0b373ad56bedcdd9",
                "sha256:277a0ef2981ca40581a47093e9e2d13b3f1fbbeffae064c1d21bfceba2030287",
                "sha256:2cd5df3de48857ed0544b34e2d40e9fac445930039f3cfe4bcc592a1f836d513",
                "sha256:40527857252b61eacd1d9af500c3337ba8deb8fc298940291486c465c8b46ec0",
                "sha256:432557aa2c09802be39460360ddffd48156e30721f5e8d917f01d31694216782",
                "sha256:473f9edb243cb1935ab5a084eb238d842fb8f404ed2193a915d1784b5a6b5fc0",
                "sha256:48c346915c114f5fdb3ead70312bd042a953a8ce5c7106d5bfb1a5254e47da92",
                "sha256:50602afada6d6cbfad699b0c7bb50d5ccffa7e46a3d738092afddc1f9758427f",
                "sha256:68fb519c14306fec9720a2a5b45bc9f0c8d1b9c72adf45c37baedfcd949c35a2",
                "sha256:77f396e6ef4c73fdc33a9157446466f1cff553d979bd00ecb64385760c6babdc",
                "sha256:81957921f441d50af23654aa6c5e5eaf9b06aba7f0a19c18a538dc7ef291c5a1",
                "sha256:819b3830a1543db06c4d4b865e70ded25be52a2e0631ccd2f6a47a2822f2fd7c",
                "sha256:897b80890765f037df3403d22bab41627ca8811ae55e9a722fd0392850ec4d86",
                "sha256:98c4d36e99714e55cfbaaee6dd5badbc9a1ec339ebfc3b1f52e293aee6bb71a4",
                "sha256:9df7ed3b3d2e0ecfe09e14741b857df43adb5a3ddadc919a2d94fbdf78fea53c",
                "sha256:9fa600030013c4de8165339db93d182b9431076eb98eb40ee068700c9c813e34",
                "sha256:a80a78046a72361de73f8f395f1f1e49f956c6be882eed58505a15f3e430962b",
                "sha256:afa17f5bc4d1b10afd4466fd3a44dc0e245382deca5b3c353d8b757f9e3ecb8d",
                "sha256:b3d267842bf12586ba6c734f89d1f5b871df0273157918b0ccefa29deb05c21c",
                "sha256:b5b9eccad747aabaaffbc6064800670f0c297e52c12754eb1d976c57e4f74dcb",
                "sha256:bfaef573a63ba8923503d27530362590ff4f576c626d86a9fed95822a8255fd7",
                "sha256:c5687b8d43cf58545ade1fe3e055f70eac7a5a1a0bf42824308d868289a95737",
                "sha256:cba8c411ef271aa037d7357a2bc8f9ee8b58b9965831d9e51baf703280dc73d3",
                "sha256:d15a181d1ecd0d4270dc32edb46f7cb7733c7c508857278d3d378d14d606db2d",
                "sha256:d4b0ba9512519522b118090257be113b9468d804b19d63c71dbcf4a48fa32358",
                "sha256:d4db7c7aef085872ef65a8fd7d6d09a14ae91f691dec3e87ee5ee0539d516f53",
                "sha256:d4eccecf9adf6fbcc6861a38015c2a64f38b9d94838ac1810a9023a0609e1b78",
                "sha256:d67d839ede4ed1b28a4e8909735fc992a923cdb84e618544973d7dfc71540803",
                "sha256:daf496c58a8c52083df09b80c860005194014c3698698d1a57cbcfa182142a3a",
                "sha256:dbad0e9d368bb989f4515da330b88a057617d16b6a8245084f1b05400f24609f",
                "sha256:e61ceaab6f49fb8bdfaa0f92c4b57bcfbea54c09277b1b4f7ac376bfb7a7c174",
                "sha256:f84fbc98b019fef2ee9a1cb3ce93e3187a6df0b2538a651bfb890254ba9f90b5"
            ],
            "markers": "python_version >= '3.6'",
            "version": "==6.0"
        },
        "requests": {
            "hashes": [
                "sha256:7c5599b102feddaa661c826c56ab4fee28bfd17f5abca1ebbe3e7f19d7c97983",
                "sha256:8fefa2a1a1365bf5520aac41836fbee479da67864514bdb821f31ce07ce65349"
            ],
            "markers": "python_version >= '3.7' and python_version < '4'",
            "version": "==2.28.1"
        },
        "s3transfer": {
            "hashes": [
                "sha256:06176b74f3a15f61f1b4f25a1fc29a4429040b7647133a463da8fa5bd28d5ecd",
                "sha256:2ed07d3866f523cc561bf4a00fc5535827981b117dd7876f036b0c1aca42c947"
            ],
            "markers": "python_version >= '3.7'",
            "version": "==0.6.0"
        },
        "six": {
            "hashes": [
                "sha256:1e61c37477a1626458e36f7b1d82aa5c9b094fa4802892072e49de9c60c4c926",
                "sha256:8abb2f1d86890a2dfb989f9a77cfcfd3e47c2a354b01111771326f8aa26e0254"
            ],
            "markers": "python_version >= '2.7' and python_version not in '3.0, 3.1, 3.2, 3.3'",
            "version": "==1.16.0"
        },
        "text-unidecode": {
            "hashes": [
                "sha256:1311f10e8b895935241623731c2ba64f4c455287888b18189350b67134a822e8",
                "sha256:bad6603bb14d279193107714b288be206cac565dfa49aa5b105294dd5c4aab93"
            ],
            "version": "==1.3"
        },
        "toml": {
            "hashes": [
                "sha256:806143ae5bfb6a3c6e736a764057db0e6a0e05e338b5630894a5f779cabb4f9b",
                "sha256:b3bda1d108d5dd99f4a20d24d9c348e91c4db7ab1b749200bded2f839ccbe68f"
            ],
            "markers": "python_version >= '2.6' and python_version not in '3.0, 3.1, 3.2, 3.3'",
            "version": "==0.10.2"
        },
        "tqdm": {
            "hashes": [
                "sha256:5f4f682a004951c1b450bc753c710e9280c5746ce6ffedee253ddbcbf54cf1e4",
                "sha256:6fee160d6ffcd1b1c68c65f14c829c22832bc401726335ce92c52d395944a6a1"
            ],
            "markers": "python_version >= '2.7' and python_version not in '3.0, 3.1, 3.2, 3.3'",
            "version": "==4.64.1"
        },
        "troposphere": {
            "hashes": [
                "sha256:97569622767326cff9526496edb55073b9c19feb2cdda273c237385d97cd3ac6",
                "sha256:a6b3d91cfdaa764fa2784c0afddc921360814f8853ada897397670c4fa4f83d1"
            ],
            "markers": "python_full_version >= '3.7.0'",
            "version": "==4.2.0"
        },
        "urllib3": {
            "hashes": [
                "sha256:47cc05d99aaa09c9e72ed5809b60e7ba354e64b59c9c173ac3018642d8bb41fc",
                "sha256:c083dd0dce68dbfbe1129d5271cb90f9447dea7d52097c6e0126120c521ddea8"
            ],
            "markers": "python_version >= '2.7' and python_version not in '3.0, 3.1, 3.2, 3.3, 3.4, 3.5'",
            "version": "==1.26.13"
        },
        "werkzeug": {
            "hashes": [
                "sha256:7ea2d48322cc7c0f8b3a215ed73eabd7b5d75d0b50e31ab006286ccff9e00b8f",
                "sha256:f979ab81f58d7318e064e99c4506445d60135ac5cd2e177a2de0089bfd4c9bd5"
            ],
            "markers": "python_version >= '3.7'",
            "version": "==2.2.2"
        },
        "wheel": {
            "hashes": [
                "sha256:965f5259b566725405b05e7cf774052044b1ed30119b5d586b2703aafe8719ac",
                "sha256:b60533f3f5d530e971d6737ca6d58681ee434818fab630c83a734bb10c083ce8"
            ],
            "markers": "python_version >= '3.7'",
            "version": "==0.38.4"
        },
        "zappa": {
            "hashes": [
                "sha256:d5ee65fab4b68f9563ccb224646ddd3c99e0e516ada78ac57417137d43700205",
                "sha256:fd35373c81b26aa95a9b11578f83a9cf71c69c1e59183f57a009d1c082b12622"
            ],
            "index": "pypi",
            "version": "==0.56.1"
        },
        "zipp": {
            "hashes": [
                "sha256:83a28fcb75844b5c0cdaf5aa4003c2d728c77e05f5aeabe8e95e56727005fbaa",
                "sha256:a7a22e05929290a67401440b39690ae6563279bced5f314609d9d03798f56766"
            ],
            "markers": "python_version >= '3.7'",
            "version": "==3.11.0"
        }
    },
    "develop": {}
}
